PODS:
  - Alamofire (3.5.1)
  - Mantle (2.0.7):
    - Mantle/extobjc (= 2.0.7)
  - Mantle/extobjc (2.0.7)
  - MTLManagedObjectAdapter (1.0.3):
    - Mantle (~> 2.0)
    - MTLManagedObjectAdapter/extobjc (= 1.0.3)
  - MTLManagedObjectAdapter/extobjc (1.0.3):
    - Mantle (~> 2.0)
  - Nimble (4.1.0)
  - Quick (0.9.3)
  - ReactiveCocoa (2.5):
    - ReactiveCocoa/UI (= 2.5)
  - ReactiveCocoa/Core (2.5):
    - ReactiveCocoa/no-arc
  - ReactiveCocoa/no-arc (2.5)
  - ReactiveCocoa/UI (2.5):
    - ReactiveCocoa/Core
  - SDWebImage (3.8.2):
    - SDWebImage/Core (= 3.8.2)
  - SDWebImage/Core (3.8.2)

DEPENDENCIES:
  - Alamofire (~> 3.5)
  - Mantle (~> 2.0)
  - MTLManagedObjectAdapter (~> 1.0)
  - Nimble (~> 4.1)
  - Quick (~> 0.9.3)
  - ReactiveCocoa (~> 2.0)
  - SDWebImage (~> 3.7)

SPEC CHECKSUMS:
  Alamofire: 0dfba1184a543e2aa160f4e39cac4e8aba48d223
  Mantle: bc40bb061d8c2c6fb48d5083e04d928c3b7f73d9
  MTLManagedObjectAdapter: 631a53432675dcf03a9d90624afb3cececf54631
  Nimble: 97a0a4cae5124c117115634b2d055d8c97d0af19
  Quick: 13a2a2b19a5d8e3ed4fd0c36ee46597fd77ebf71
  ReactiveCocoa: e2db045570aa97c695e7aa97c2bcab222ae51f4a
  SDWebImage: '098e97e6176540799c27e804c96653ee0833d13c'

PODFILE CHECKSUM: 803fca4ef0e0f1461d9e5ca2524e83ac4f20d070

COCOAPODS: 1.2.0
