// !$*UTF8*$!
{
	archiveVersion = 1;
	classes = {
	};
	objectVersion = 46;
	objects = {

/* Begin PBXBuildFile section */
		381F11A01D6400EA008C3A4E /* AppDelegate.swift in Sources */ = {isa = PBXBuildFile; fileRef = 381F119F1D6400EA008C3A4E /* AppDelegate.swift */; };
		381F11A81D6400EA008C3A4E /* JKWayfairPriceGame.xcdatamodeld in Sources */ = {isa = PBXBuildFile; fileRef = 381F11A61D6400EA008C3A4E /* JKWayfairPriceGame.xcdatamodeld */; };
		381F11AA1D6400EA008C3A4E /* Assets.xcassets in Resources */ = {isa = PBXBuildFile; fileRef = 381F11A91D6400EA008C3A4E /* Assets.xcassets */; };
		381F11AD1D6400EA008C3A4E /* LaunchScreen.storyboard in Resources */ = {isa = PBXBuildFile; fileRef = 381F11AB1D6400EA008C3A4E /* LaunchScreen.storyboard */; };
		381F11B81D6400EA008C3A4E /* JKWayfairPriceGameTests.swift in Sources */ = {isa = PBXBuildFile; fileRef = 381F11B71D6400EA008C3A4E /* JKWayfairPriceGameTests.swift */; };
		381F11C81D64021C008C3A4E /* ProductApi.swift in Sources */ = {isa = PBXBuildFile; fileRef = 381F11C71D64021C008C3A4E /* ProductApi.swift */; };
		381F11CA1D640524008C3A4E /* GameHomePageViewController.swift in Sources */ = {isa = PBXBuildFile; fileRef = 381F11C91D640524008C3A4E /* GameHomePageViewController.swift */; };
		381F11CC1D64053A008C3A4E /* GameHomePageViewModel.swift in Sources */ = {isa = PBXBuildFile; fileRef = 381F11CB1D64053A008C3A4E /* GameHomePageViewModel.swift */; };
		381F11D01D6407E3008C3A4E /* Product.swift in Sources */ = {isa = PBXBuildFile; fileRef = 381F11CF1D6407E3008C3A4E /* Product.swift */; };
		381F11D21D64170E008C3A4E /* ProductDatabaseStorer.swift in Sources */ = {isa = PBXBuildFile; fileRef = 381F11D11D64170E008C3A4E /* ProductDatabaseStorer.swift */; };
		38592DB41D67D51E0051E62F /* GravityTransition.swift in Sources */ = {isa = PBXBuildFile; fileRef = 38592DB31D67D51E0051E62F /* GravityTransition.swift */; };
		38592DB61D67F26C0051E62F /* GameViewModel.swift in Sources */ = {isa = PBXBuildFile; fileRef = 38592DB51D67F26C0051E62F /* GameViewModel.swift */; };
		38592DB81D67F3A10051E62F /* GameViewController.swift in Sources */ = {isa = PBXBuildFile; fileRef = 38592DB71D67F3A10051E62F /* GameViewController.swift */; };
		38592DBA1D67F5620051E62F /* QuizQuestion.swift in Sources */ = {isa = PBXBuildFile; fileRef = 38592DB91D67F5620051E62F /* QuizQuestion.swift */; };
		38592DBC1D67FC080051E62F /* Collection.swift in Sources */ = {isa = PBXBuildFile; fileRef = 38592DBB1D67FC080051E62F /* Collection.swift */; };
		38592DBE1D68073B0051E62F /* QuizOption.swift in Sources */ = {isa = PBXBuildFile; fileRef = 38592DBD1D68073B0051E62F /* QuizOption.swift */; };
		38592DC01D6823510051E62F /* OptionsView.swift in Sources */ = {isa = PBXBuildFile; fileRef = 38592DBF1D6823510051E62F /* OptionsView.swift */; };
		38592DC31D6894AB0051E62F /* Placeholder_image.png in Resources */ = {isa = PBXBuildFile; fileRef = 38592DC21D6894AB0051E62F /* Placeholder_image.png */; };
		38592DC51D68964C0051E62F /* ProductWebViewController.swift in Sources */ = {isa = PBXBuildFile; fileRef = 38592DC41D68964C0051E62F /* ProductWebViewController.swift */; };
		38592DC71D6896620051E62F /* ProductWebViewerViewModel.swift in Sources */ = {isa = PBXBuildFile; fileRef = 38592DC61D6896620051E62F /* ProductWebViewerViewModel.swift */; };
		38592DC91D690B910051E62F /* FinalScoreIndicatorView.swift in Sources */ = {isa = PBXBuildFile; fileRef = 38592DC81D690B910051E62F /* FinalScoreIndicatorView.swift */; };
		38592DCB1D690FA80051E62F /* FinalScoreIndicatorViewModel.swift in Sources */ = {isa = PBXBuildFile; fileRef = 38592DCA1D690FA80051E62F /* FinalScoreIndicatorViewModel.swift */; };
		38592DCD1D6935C20051E62F /* QuizAnswer.swift in Sources */ = {isa = PBXBuildFile; fileRef = 38592DCC1D6935C20051E62F /* QuizAnswer.swift */; };
		38592DCF1D693B630051E62F /* QuizCustomOptions.swift in Sources */ = {isa = PBXBuildFile; fileRef = 38592DCE1D693B630051E62F /* QuizCustomOptions.swift */; };
		38592DD11D6940550051E62F /* GameAnswersStatisticsViewController.swift in Sources */ = {isa = PBXBuildFile; fileRef = 38592DD01D6940550051E62F /* GameAnswersStatisticsViewController.swift */; };
		38592DD41D69430B0051E62F /* GameAnswersStatisticsTableViewCell.swift in Sources */ = {isa = PBXBuildFile; fileRef = 38592DD31D69430B0051E62F /* GameAnswersStatisticsTableViewCell.swift */; };
		38592DD61D6959B20051E62F /* ProductCategory.swift in Sources */ = {isa = PBXBuildFile; fileRef = 38592DD51D6959B20051E62F /* ProductCategory.swift */; };
		38592DD81D6A5CEB0051E62F /* JSONReader.swift in Sources */ = {isa = PBXBuildFile; fileRef = 38592DD71D6A5CEB0051E62F /* JSONReader.swift */; };
		38592DDB1D6A5E680051E62F /* ProductBaseCategories.json in Resources */ = {isa = PBXBuildFile; fileRef = 38592DDA1D6A5E680051E62F /* ProductBaseCategories.json */; };
		38592DDD1D6A70720051E62F /* GameInstructionsViewModel.swift in Sources */ = {isa = PBXBuildFile; fileRef = 38592DDC1D6A70720051E62F /* GameInstructionsViewModel.swift */; };
		38592DDF1D6A710A0051E62F /* GameInstructionsViewController.swift in Sources */ = {isa = PBXBuildFile; fileRef = 38592DDE1D6A710A0051E62F /* GameInstructionsViewController.swift */; };
		38592DE11D6A71620051E62F /* instructions.json in Resources */ = {isa = PBXBuildFile; fileRef = 38592DE01D6A71620051E62F /* instructions.json */; };
		38592DE31D6A743E0051E62F /* Instructions.png in Resources */ = {isa = PBXBuildFile; fileRef = 38592DE21D6A743E0051E62F /* Instructions.png */; };
		38592DE61D6A826E0051E62F /* Available.png in Resources */ = {isa = PBXBuildFile; fileRef = 38592DE41D6A826E0051E62F /* Available.png */; };
		38592DE71D6A826E0051E62F /* Unavailable.png in Resources */ = {isa = PBXBuildFile; fileRef = 38592DE51D6A826E0051E62F /* Unavailable.png */; };
		388B24EB1D66A69F00638688 /* RACObserve.swift in Sources */ = {isa = PBXBuildFile; fileRef = 388B24EA1D66A69F00638688 /* RACObserve.swift */; };
		388B24EF1D66A6FB00638688 /* RACSignal+Extensions.swift in Sources */ = {isa = PBXBuildFile; fileRef = 388B24EE1D66A6FB00638688 /* RACSignal+Extensions.swift */; };
		388B24F21D66BD6700638688 /* Random.swift in Sources */ = {isa = PBXBuildFile; fileRef = 388B24F11D66BD6700638688 /* Random.swift */; };
		38EC479D1D6BE51E0004CAA2 /* Appearance.swift in Sources */ = {isa = PBXBuildFile; fileRef = 38EC479C1D6BE51E0004CAA2 /* Appearance.swift */; };
		38EC479F1D6BE6580004CAA2 /* Color.swift in Sources */ = {isa = PBXBuildFile; fileRef = 38EC479E1D6BE6580004CAA2 /* Color.swift */; };
		38EC47A11D6BE9710004CAA2 /* UIViewController.swift in Sources */ = {isa = PBXBuildFile; fileRef = 38EC47A01D6BE9710004CAA2 /* UIViewController.swift */; };
		38EC47A31D6BFC2D0004CAA2 /* CustomButton.swift in Sources */ = {isa = PBXBuildFile; fileRef = 38EC47A21D6BFC2D0004CAA2 /* CustomButton.swift */; };
		4BFA059AC206794661184DF4 /* Pods_JKWayfairPriceGame.framework in Frameworks */ = {isa = PBXBuildFile; fileRef = 13ACBDD3854AE9286B11FC58 /* Pods_JKWayfairPriceGame.framework */; };
		CEC49B46C8EDB9FA49FE657A /* Pods_JKWayfairPriceGameTests.framework in Frameworks */ = {isa = PBXBuildFile; fileRef = B4D5BCF5972830D41D8D2E8D /* Pods_JKWayfairPriceGameTests.framework */; };
/* End PBXBuildFile section */

/* Begin PBXContainerItemProxy section */
		381F11B41D6400EA008C3A4E /* PBXContainerItemProxy */ = {
			isa = PBXContainerItemProxy;
			containerPortal = 381F11941D6400EA008C3A4E /* Project object */;
			proxyType = 1;
			remoteGlobalIDString = 381F119B1D6400EA008C3A4E;
			remoteInfo = JKWayfairPriceGame;
		};
/* End PBXContainerItemProxy section */

/* Begin PBXFileReference section */
		13ACBDD3854AE9286B11FC58 /* Pods_JKWayfairPriceGame.framework */ = {isa = PBXFileReference; explicitFileType = wrapper.framework; includeInIndex = 0; path = Pods_JKWayfairPriceGame.framework; sourceTree = BUILT_PRODUCTS_DIR; };
		381073BC154EBDAC44A8BB70 /* Pods-JKWayfairPriceGameTests.debug.xcconfig */ = {isa = PBXFileReference; includeInIndex = 1; lastKnownFileType = text.xcconfig; name = "Pods-JKWayfairPriceGameTests.debug.xcconfig"; path = "Pods/Target Support Files/Pods-JKWayfairPriceGameTests/Pods-JKWayfairPriceGameTests.debug.xcconfig"; sourceTree = "<group>"; };
		381F119C1D6400EA008C3A4E /* JKWayfairPriceGame.app */ = {isa = PBXFileReference; explicitFileType = wrapper.application; includeInIndex = 0; path = JKWayfairPriceGame.app; sourceTree = BUILT_PRODUCTS_DIR; };
		381F119F1D6400EA008C3A4E /* AppDelegate.swift */ = {isa = PBXFileReference; lastKnownFileType = sourcecode.swift; path = AppDelegate.swift; sourceTree = "<group>"; };
		381F11A71D6400EA008C3A4E /* JKWayfairPriceGame.xcdatamodel */ = {isa = PBXFileReference; lastKnownFileType = wrapper.xcdatamodel; path = JKWayfairPriceGame.xcdatamodel; sourceTree = "<group>"; };
		381F11A91D6400EA008C3A4E /* Assets.xcassets */ = {isa = PBXFileReference; lastKnownFileType = folder.assetcatalog; path = Assets.xcassets; sourceTree = "<group>"; };
		381F11AC1D6400EA008C3A4E /* Base */ = {isa = PBXFileReference; lastKnownFileType = file.storyboard; name = Base; path = Base.lproj/LaunchScreen.storyboard; sourceTree = "<group>"; };
		381F11AE1D6400EA008C3A4E /* Info.plist */ = {isa = PBXFileReference; lastKnownFileType = text.plist.xml; path = Info.plist; sourceTree = "<group>"; };
		381F11B31D6400EA008C3A4E /* JKWayfairPriceGameTests.xctest */ = {isa = PBXFileReference; explicitFileType = wrapper.cfbundle; includeInIndex = 0; path = JKWayfairPriceGameTests.xctest; sourceTree = BUILT_PRODUCTS_DIR; };
		381F11B71D6400EA008C3A4E /* JKWayfairPriceGameTests.swift */ = {isa = PBXFileReference; lastKnownFileType = sourcecode.swift; path = JKWayfairPriceGameTests.swift; sourceTree = "<group>"; };
		381F11B91D6400EA008C3A4E /* Info.plist */ = {isa = PBXFileReference; lastKnownFileType = text.plist.xml; path = Info.plist; sourceTree = "<group>"; };
		381F11C71D64021C008C3A4E /* ProductApi.swift */ = {isa = PBXFileReference; fileEncoding = 4; lastKnownFileType = sourcecode.swift; path = ProductApi.swift; sourceTree = "<group>"; };
		381F11C91D640524008C3A4E /* GameHomePageViewController.swift */ = {isa = PBXFileReference; fileEncoding = 4; lastKnownFileType = sourcecode.swift; path = GameHomePageViewController.swift; sourceTree = "<group>"; };
		381F11CB1D64053A008C3A4E /* GameHomePageViewModel.swift */ = {isa = PBXFileReference; fileEncoding = 4; lastKnownFileType = sourcecode.swift; path = GameHomePageViewModel.swift; sourceTree = "<group>"; };
		381F11CF1D6407E3008C3A4E /* Product.swift */ = {isa = PBXFileReference; fileEncoding = 4; lastKnownFileType = sourcecode.swift; path = Product.swift; sourceTree = "<group>"; };
		381F11D11D64170E008C3A4E /* ProductDatabaseStorer.swift */ = {isa = PBXFileReference; fileEncoding = 4; lastKnownFileType = sourcecode.swift; path = ProductDatabaseStorer.swift; sourceTree = "<group>"; };
		38592DB31D67D51E0051E62F /* GravityTransition.swift */ = {isa = PBXFileReference; fileEncoding = 4; lastKnownFileType = sourcecode.swift; path = GravityTransition.swift; sourceTree = "<group>"; };
		38592DB51D67F26C0051E62F /* GameViewModel.swift */ = {isa = PBXFileReference; fileEncoding = 4; lastKnownFileType = sourcecode.swift; path = GameViewModel.swift; sourceTree = "<group>"; };
		38592DB71D67F3A10051E62F /* GameViewController.swift */ = {isa = PBXFileReference; fileEncoding = 4; lastKnownFileType = sourcecode.swift; path = GameViewController.swift; sourceTree = "<group>"; };
		38592DB91D67F5620051E62F /* QuizQuestion.swift */ = {isa = PBXFileReference; fileEncoding = 4; lastKnownFileType = sourcecode.swift; path = QuizQuestion.swift; sourceTree = "<group>"; };
		38592DBB1D67FC080051E62F /* Collection.swift */ = {isa = PBXFileReference; fileEncoding = 4; lastKnownFileType = sourcecode.swift; path = Collection.swift; sourceTree = "<group>"; };
		38592DBD1D68073B0051E62F /* QuizOption.swift */ = {isa = PBXFileReference; fileEncoding = 4; lastKnownFileType = sourcecode.swift; path = QuizOption.swift; sourceTree = "<group>"; };
		38592DBF1D6823510051E62F /* OptionsView.swift */ = {isa = PBXFileReference; fileEncoding = 4; lastKnownFileType = sourcecode.swift; path = OptionsView.swift; sourceTree = "<group>"; };
		38592DC21D6894AB0051E62F /* Placeholder_image.png */ = {isa = PBXFileReference; lastKnownFileType = image.png; path = Placeholder_image.png; sourceTree = "<group>"; };
		38592DC41D68964C0051E62F /* ProductWebViewController.swift */ = {isa = PBXFileReference; fileEncoding = 4; lastKnownFileType = sourcecode.swift; path = ProductWebViewController.swift; sourceTree = "<group>"; };
		38592DC61D6896620051E62F /* ProductWebViewerViewModel.swift */ = {isa = PBXFileReference; fileEncoding = 4; lastKnownFileType = sourcecode.swift; path = ProductWebViewerViewModel.swift; sourceTree = "<group>"; };
		38592DC81D690B910051E62F /* FinalScoreIndicatorView.swift */ = {isa = PBXFileReference; fileEncoding = 4; lastKnownFileType = sourcecode.swift; path = FinalScoreIndicatorView.swift; sourceTree = "<group>"; };
		38592DCA1D690FA80051E62F /* FinalScoreIndicatorViewModel.swift */ = {isa = PBXFileReference; fileEncoding = 4; lastKnownFileType = sourcecode.swift; path = FinalScoreIndicatorViewModel.swift; sourceTree = "<group>"; };
		38592DCC1D6935C20051E62F /* QuizAnswer.swift */ = {isa = PBXFileReference; fileEncoding = 4; lastKnownFileType = sourcecode.swift; path = QuizAnswer.swift; sourceTree = "<group>"; };
		38592DCE1D693B630051E62F /* QuizCustomOptions.swift */ = {isa = PBXFileReference; fileEncoding = 4; lastKnownFileType = sourcecode.swift; path = QuizCustomOptions.swift; sourceTree = "<group>"; };
		38592DD01D6940550051E62F /* GameAnswersStatisticsViewController.swift */ = {isa = PBXFileReference; fileEncoding = 4; lastKnownFileType = sourcecode.swift; path = GameAnswersStatisticsViewController.swift; sourceTree = "<group>"; };
		38592DD31D69430B0051E62F /* GameAnswersStatisticsTableViewCell.swift */ = {isa = PBXFileReference; fileEncoding = 4; lastKnownFileType = sourcecode.swift; path = GameAnswersStatisticsTableViewCell.swift; sourceTree = "<group>"; };
		38592DD51D6959B20051E62F /* ProductCategory.swift */ = {isa = PBXFileReference; fileEncoding = 4; lastKnownFileType = sourcecode.swift; path = ProductCategory.swift; sourceTree = "<group>"; };
		38592DD71D6A5CEB0051E62F /* JSONReader.swift */ = {isa = PBXFileReference; fileEncoding = 4; lastKnownFileType = sourcecode.swift; path = JSONReader.swift; sourceTree = "<group>"; };
		38592DDA1D6A5E680051E62F /* ProductBaseCategories.json */ = {isa = PBXFileReference; fileEncoding = 4; lastKnownFileType = text.json; path = ProductBaseCategories.json; sourceTree = "<group>"; };
		38592DDC1D6A70720051E62F /* GameInstructionsViewModel.swift */ = {isa = PBXFileReference; fileEncoding = 4; lastKnownFileType = sourcecode.swift; path = GameInstructionsViewModel.swift; sourceTree = "<group>"; };
		38592DDE1D6A710A0051E62F /* GameInstructionsViewController.swift */ = {isa = PBXFileReference; fileEncoding = 4; lastKnownFileType = sourcecode.swift; path = GameInstructionsViewController.swift; sourceTree = "<group>"; };
		38592DE01D6A71620051E62F /* instructions.json */ = {isa = PBXFileReference; fileEncoding = 4; lastKnownFileType = text.json; path = instructions.json; sourceTree = "<group>"; };
		38592DE21D6A743E0051E62F /* Instructions.png */ = {isa = PBXFileReference; lastKnownFileType = image.png; path = Instructions.png; sourceTree = "<group>"; };
		38592DE41D6A826E0051E62F /* Available.png */ = {isa = PBXFileReference; lastKnownFileType = image.png; path = Available.png; sourceTree = "<group>"; };
		38592DE51D6A826E0051E62F /* Unavailable.png */ = {isa = PBXFileReference; lastKnownFileType = image.png; path = Unavailable.png; sourceTree = "<group>"; };
		388B24EA1D66A69F00638688 /* RACObserve.swift */ = {isa = PBXFileReference; fileEncoding = 4; lastKnownFileType = sourcecode.swift; path = RACObserve.swift; sourceTree = "<group>"; };
		388B24EE1D66A6FB00638688 /* RACSignal+Extensions.swift */ = {isa = PBXFileReference; fileEncoding = 4; lastKnownFileType = sourcecode.swift; path = "RACSignal+Extensions.swift"; sourceTree = "<group>"; };
		388B24F11D66BD6700638688 /* Random.swift */ = {isa = PBXFileReference; fileEncoding = 4; lastKnownFileType = sourcecode.swift; path = Random.swift; sourceTree = "<group>"; };
		38EC479C1D6BE51E0004CAA2 /* Appearance.swift */ = {isa = PBXFileReference; fileEncoding = 4; lastKnownFileType = sourcecode.swift; path = Appearance.swift; sourceTree = "<group>"; };
		38EC479E1D6BE6580004CAA2 /* Color.swift */ = {isa = PBXFileReference; fileEncoding = 4; lastKnownFileType = sourcecode.swift; path = Color.swift; sourceTree = "<group>"; };
		38EC47A01D6BE9710004CAA2 /* UIViewController.swift */ = {isa = PBXFileReference; fileEncoding = 4; lastKnownFileType = sourcecode.swift; path = UIViewController.swift; sourceTree = "<group>"; };
		38EC47A21D6BFC2D0004CAA2 /* CustomButton.swift */ = {isa = PBXFileReference; fileEncoding = 4; lastKnownFileType = sourcecode.swift; path = CustomButton.swift; sourceTree = "<group>"; };
		83021E4BC310CD1FC95D40BF /* Pods-JKWayfairPriceGameTests.release.xcconfig */ = {isa = PBXFileReference; includeInIndex = 1; lastKnownFileType = text.xcconfig; name = "Pods-JKWayfairPriceGameTests.release.xcconfig"; path = "Pods/Target Support Files/Pods-JKWayfairPriceGameTests/Pods-JKWayfairPriceGameTests.release.xcconfig"; sourceTree = "<group>"; };
		B4D5BCF5972830D41D8D2E8D /* Pods_JKWayfairPriceGameTests.framework */ = {isa = PBXFileReference; explicitFileType = wrapper.framework; includeInIndex = 0; path = Pods_JKWayfairPriceGameTests.framework; sourceTree = BUILT_PRODUCTS_DIR; };
		BA8833314209F8EF0BC17881 /* Pods-JKWayfairPriceGame.release.xcconfig */ = {isa = PBXFileReference; includeInIndex = 1; lastKnownFileType = text.xcconfig; name = "Pods-JKWayfairPriceGame.release.xcconfig"; path = "Pods/Target Support Files/Pods-JKWayfairPriceGame/Pods-JKWayfairPriceGame.release.xcconfig"; sourceTree = "<group>"; };
		E50C25C307CF386B805FBA40 /* Pods-JKWayfairPriceGame.debug.xcconfig */ = {isa = PBXFileReference; includeInIndex = 1; lastKnownFileType = text.xcconfig; name = "Pods-JKWayfairPriceGame.debug.xcconfig"; path = "Pods/Target Support Files/Pods-JKWayfairPriceGame/Pods-JKWayfairPriceGame.debug.xcconfig"; sourceTree = "<group>"; };
/* End PBXFileReference section */

/* Begin PBXFrameworksBuildPhase section */
		381F11991D6400EA008C3A4E /* Frameworks */ = {
			isa = PBXFrameworksBuildPhase;
			buildActionMask = 2147483647;
			files = (
				4BFA059AC206794661184DF4 /* Pods_JKWayfairPriceGame.framework in Frameworks */,
			);
			runOnlyForDeploymentPostprocessing = 0;
		};
		381F11B01D6400EA008C3A4E /* Frameworks */ = {
			isa = PBXFrameworksBuildPhase;
			buildActionMask = 2147483647;
			files = (
				CEC49B46C8EDB9FA49FE657A /* Pods_JKWayfairPriceGameTests.framework in Frameworks */,
			);
			runOnlyForDeploymentPostprocessing = 0;
		};
/* End PBXFrameworksBuildPhase section */

/* Begin PBXGroup section */
		00FC5AD8C52A348A91DD003B /* Pods */ = {
			isa = PBXGroup;
			children = (
				E50C25C307CF386B805FBA40 /* Pods-JKWayfairPriceGame.debug.xcconfig */,
				BA8833314209F8EF0BC17881 /* Pods-JKWayfairPriceGame.release.xcconfig */,
				381073BC154EBDAC44A8BB70 /* Pods-JKWayfairPriceGameTests.debug.xcconfig */,
				83021E4BC310CD1FC95D40BF /* Pods-JKWayfairPriceGameTests.release.xcconfig */,
			);
			name = Pods;
			sourceTree = "<group>";
		};
		381F11931D6400EA008C3A4E = {
			isa = PBXGroup;
			children = (
				381F119E1D6400EA008C3A4E /* JKWayfairPriceGame */,
				381F11B61D6400EA008C3A4E /* JKWayfairPriceGameTests */,
				381F119D1D6400EA008C3A4E /* Products */,
				00FC5AD8C52A348A91DD003B /* Pods */,
				962CE08E777900214ADAD1AB /* Frameworks */,
			);
			sourceTree = "<group>";
		};
		381F119D1D6400EA008C3A4E /* Products */ = {
			isa = PBXGroup;
			children = (
				381F119C1D6400EA008C3A4E /* JKWayfairPriceGame.app */,
				381F11B31D6400EA008C3A4E /* JKWayfairPriceGameTests.xctest */,
			);
			name = Products;
			sourceTree = "<group>";
		};
		381F119E1D6400EA008C3A4E /* JKWayfairPriceGame */ = {
			isa = PBXGroup;
			children = (
				38EC479B1D6BE4F60004CAA2 /* Appearance */,
				38592DD91D6A5E3F0051E62F /* JSONs */,
				38592DD21D6941B10051E62F /* Cells */,
				38592DC11D68949A0051E62F /* Assets */,
				38592DB21D67D50D0051E62F /* Extensions */,
				388B24F01D66BD5C00638688 /* Utilities */,
				3829B5891D65349D00360CFC /* Core Data Model */,
				388B24E71D66A5C000638688 /* Reactive Cocoa Utilities */,
				381F11C61D6401EC008C3A4E /* Views */,
				381F11C51D6401E2008C3A4E /* Core Data */,
				381F11C41D6401DB008C3A4E /* Networking */,
				381F11C31D6401D4008C3A4E /* ViewModels */,
				381F11C21D6401CD008C3A4E /* Models */,
				381F119F1D6400EA008C3A4E /* AppDelegate.swift */,
				381F11A91D6400EA008C3A4E /* Assets.xcassets */,
				381F11AB1D6400EA008C3A4E /* LaunchScreen.storyboard */,
				381F11AE1D6400EA008C3A4E /* Info.plist */,
			);
			path = JKWayfairPriceGame;
			sourceTree = "<group>";
		};
		381F11B61D6400EA008C3A4E /* JKWayfairPriceGameTests */ = {
			isa = PBXGroup;
			children = (
				381F11B71D6400EA008C3A4E /* JKWayfairPriceGameTests.swift */,
				381F11B91D6400EA008C3A4E /* Info.plist */,
			);
			path = JKWayfairPriceGameTests;
			sourceTree = "<group>";
		};
		381F11C21D6401CD008C3A4E /* Models */ = {
			isa = PBXGroup;
			children = (
				381F11CF1D6407E3008C3A4E /* Product.swift */,
				38592DB91D67F5620051E62F /* QuizQuestion.swift */,
				38592DBD1D68073B0051E62F /* QuizOption.swift */,
				38592DCC1D6935C20051E62F /* QuizAnswer.swift */,
				38592DD51D6959B20051E62F /* ProductCategory.swift */,
			);
			name = Models;
			sourceTree = "<group>";
		};
		381F11C31D6401D4008C3A4E /* ViewModels */ = {
			isa = PBXGroup;
			children = (
				381F11CB1D64053A008C3A4E /* GameHomePageViewModel.swift */,
				38592DB51D67F26C0051E62F /* GameViewModel.swift */,
				38592DCA1D690FA80051E62F /* FinalScoreIndicatorViewModel.swift */,
				38592DC61D6896620051E62F /* ProductWebViewerViewModel.swift */,
				38592DDC1D6A70720051E62F /* GameInstructionsViewModel.swift */,
			);
			name = ViewModels;
			sourceTree = "<group>";
		};
		381F11C41D6401DB008C3A4E /* Networking */ = {
			isa = PBXGroup;
			children = (
				381F11C71D64021C008C3A4E /* ProductApi.swift */,
			);
			name = Networking;
			sourceTree = "<group>";
		};
		381F11C51D6401E2008C3A4E /* Core Data */ = {
			isa = PBXGroup;
			children = (
				381F11D11D64170E008C3A4E /* ProductDatabaseStorer.swift */,
			);
			name = "Core Data";
			sourceTree = "<group>";
		};
		381F11C61D6401EC008C3A4E /* Views */ = {
			isa = PBXGroup;
			children = (
				381F11C91D640524008C3A4E /* GameHomePageViewController.swift */,
				38592DB71D67F3A10051E62F /* GameViewController.swift */,
				38592DBF1D6823510051E62F /* OptionsView.swift */,
				38592DC41D68964C0051E62F /* ProductWebViewController.swift */,
				38592DC81D690B910051E62F /* FinalScoreIndicatorView.swift */,
				38592DD01D6940550051E62F /* GameAnswersStatisticsViewController.swift */,
				38592DDE1D6A710A0051E62F /* GameInstructionsViewController.swift */,
				38EC47A21D6BFC2D0004CAA2 /* CustomButton.swift */,
			);
			name = Views;
			sourceTree = "<group>";
		};
		3829B5891D65349D00360CFC /* Core Data Model */ = {
			isa = PBXGroup;
			children = (
				381F11A61D6400EA008C3A4E /* JKWayfairPriceGame.xcdatamodeld */,
			);
			name = "Core Data Model";
			sourceTree = "<group>";
		};
		38592DB21D67D50D0051E62F /* Extensions */ = {
			isa = PBXGroup;
			children = (
				38592DB31D67D51E0051E62F /* GravityTransition.swift */,
				38592DBB1D67FC080051E62F /* Collection.swift */,
				38EC479E1D6BE6580004CAA2 /* Color.swift */,
				38EC47A01D6BE9710004CAA2 /* UIViewController.swift */,
			);
			name = Extensions;
			sourceTree = "<group>";
		};
		38592DC11D68949A0051E62F /* Assets */ = {
			isa = PBXGroup;
			children = (
				38592DE41D6A826E0051E62F /* Available.png */,
				38592DE51D6A826E0051E62F /* Unavailable.png */,
				38592DE21D6A743E0051E62F /* Instructions.png */,
				38592DC21D6894AB0051E62F /* Placeholder_image.png */,
			);
			name = Assets;
			sourceTree = "<group>";
		};
		38592DD21D6941B10051E62F /* Cells */ = {
			isa = PBXGroup;
			children = (
				38592DD31D69430B0051E62F /* GameAnswersStatisticsTableViewCell.swift */,
			);
			name = Cells;
			sourceTree = "<group>";
		};
		38592DD91D6A5E3F0051E62F /* JSONs */ = {
			isa = PBXGroup;
			children = (
				38592DDA1D6A5E680051E62F /* ProductBaseCategories.json */,
				38592DE01D6A71620051E62F /* instructions.json */,
			);
			name = JSONs;
			sourceTree = "<group>";
		};
		388B24E71D66A5C000638688 /* Reactive Cocoa Utilities */ = {
			isa = PBXGroup;
			children = (
				388B24EA1D66A69F00638688 /* RACObserve.swift */,
				388B24EE1D66A6FB00638688 /* RACSignal+Extensions.swift */,
			);
			name = "Reactive Cocoa Utilities";
			sourceTree = "<group>";
		};
		388B24F01D66BD5C00638688 /* Utilities */ = {
			isa = PBXGroup;
			children = (
				388B24F11D66BD6700638688 /* Random.swift */,
				38592DCE1D693B630051E62F /* QuizCustomOptions.swift */,
				38592DD71D6A5CEB0051E62F /* JSONReader.swift */,
			);
			name = Utilities;
			sourceTree = "<group>";
		};
		38EC479B1D6BE4F60004CAA2 /* Appearance */ = {
			isa = PBXGroup;
			children = (
				38EC479C1D6BE51E0004CAA2 /* Appearance.swift */,
			);
			name = Appearance;
			sourceTree = "<group>";
		};
		962CE08E777900214ADAD1AB /* Frameworks */ = {
			isa = PBXGroup;
			children = (
				13ACBDD3854AE9286B11FC58 /* Pods_JKWayfairPriceGame.framework */,
				B4D5BCF5972830D41D8D2E8D /* Pods_JKWayfairPriceGameTests.framework */,
			);
			name = Frameworks;
			sourceTree = "<group>";
		};
/* End PBXGroup section */

/* Begin PBXNativeTarget section */
		381F119B1D6400EA008C3A4E /* JKWayfairPriceGame */ = {
			isa = PBXNativeTarget;
			buildConfigurationList = 381F11BC1D6400EA008C3A4E /* Build configuration list for PBXNativeTarget "JKWayfairPriceGame" */;
			buildPhases = (
				E2D402DE2B4E38BAE44FBA1B /* [CP] Check Pods Manifest.lock */,
				381F11981D6400EA008C3A4E /* Sources */,
				381F11991D6400EA008C3A4E /* Frameworks */,
				381F119A1D6400EA008C3A4E /* Resources */,
				BA192BD07AD61643BFE3A853 /* [CP] Embed Pods Frameworks */,
				8C84F97DB361E1991BB16B00 /* [CP] Copy Pods Resources */,
			);
			buildRules = (
			);
			dependencies = (
			);
			name = JKWayfairPriceGame;
			productName = JKWayfairPriceGame;
			productReference = 381F119C1D6400EA008C3A4E /* JKWayfairPriceGame.app */;
			productType = "com.apple.product-type.application";
		};
		381F11B21D6400EA008C3A4E /* JKWayfairPriceGameTests */ = {
			isa = PBXNativeTarget;
			buildConfigurationList = 381F11BF1D6400EA008C3A4E /* Build configuration list for PBXNativeTarget "JKWayfairPriceGameTests" */;
			buildPhases = (
				D79BF59D169439692EA61D31 /* [CP] Check Pods Manifest.lock */,
				381F11AF1D6400EA008C3A4E /* Sources */,
				381F11B01D6400EA008C3A4E /* Frameworks */,
				381F11B11D6400EA008C3A4E /* Resources */,
				1D189EADBD3B5E458B068142 /* [CP] Embed Pods Frameworks */,
				6F0739BF0A6F3370C4B246C0 /* [CP] Copy Pods Resources */,
			);
			buildRules = (
			);
			dependencies = (
				381F11B51D6400EA008C3A4E /* PBXTargetDependency */,
			);
			name = JKWayfairPriceGameTests;
			productName = JKWayfairPriceGameTests;
			productReference = 381F11B31D6400EA008C3A4E /* JKWayfairPriceGameTests.xctest */;
			productType = "com.apple.product-type.bundle.unit-test";
		};
/* End PBXNativeTarget section */

/* Begin PBXProject section */
		381F11941D6400EA008C3A4E /* Project object */ = {
			isa = PBXProject;
			attributes = {
				LastSwiftUpdateCheck = 0730;
				LastUpgradeCheck = 0730;
				ORGANIZATIONNAME = "Jayesh Kawli Backup";
				TargetAttributes = {
					381F119B1D6400EA008C3A4E = {
						CreatedOnToolsVersion = 7.3.1;
					};
					381F11B21D6400EA008C3A4E = {
						CreatedOnToolsVersion = 7.3.1;
						LastSwiftMigration = 0800;
						TestTargetID = 381F119B1D6400EA008C3A4E;
					};
				};
			};
			buildConfigurationList = 381F11971D6400EA008C3A4E /* Build configuration list for PBXProject "JKWayfairPriceGame" */;
			compatibilityVersion = "Xcode 3.2";
			developmentRegion = English;
			hasScannedForEncodings = 0;
			knownRegions = (
				en,
				Base,
			);
			mainGroup = 381F11931D6400EA008C3A4E;
			productRefGroup = 381F119D1D6400EA008C3A4E /* Products */;
			projectDirPath = "";
			projectRoot = "";
			targets = (
				381F119B1D6400EA008C3A4E /* JKWayfairPriceGame */,
				381F11B21D6400EA008C3A4E /* JKWayfairPriceGameTests */,
			);
		};
/* End PBXProject section */

/* Begin PBXResourcesBuildPhase section */
		381F119A1D6400EA008C3A4E /* Resources */ = {
			isa = PBXResourcesBuildPhase;
			buildActionMask = 2147483647;
			files = (
				38592DE11D6A71620051E62F /* instructions.json in Resources */,
				38592DE61D6A826E0051E62F /* Available.png in Resources */,
				38592DDB1D6A5E680051E62F /* ProductBaseCategories.json in Resources */,
				38592DE31D6A743E0051E62F /* Instructions.png in Resources */,
				38592DE71D6A826E0051E62F /* Unavailable.png in Resources */,
				381F11AD1D6400EA008C3A4E /* LaunchScreen.storyboard in Resources */,
				38592DC31D6894AB0051E62F /* Placeholder_image.png in Resources */,
				381F11AA1D6400EA008C3A4E /* Assets.xcassets in Resources */,
			);
			runOnlyForDeploymentPostprocessing = 0;
		};
		381F11B11D6400EA008C3A4E /* Resources */ = {
			isa = PBXResourcesBuildPhase;
			buildActionMask = 2147483647;
			files = (
			);
			runOnlyForDeploymentPostprocessing = 0;
		};
/* End PBXResourcesBuildPhase section */

/* Begin PBXShellScriptBuildPhase section */
		1D189EADBD3B5E458B068142 /* [CP] Embed Pods Frameworks */ = {
			isa = PBXShellScriptBuildPhase;
			buildActionMask = 2147483647;
			files = (
			);
			inputPaths = (
			);
			name = "[CP] Embed Pods Frameworks";
			outputPaths = (
			);
			runOnlyForDeploymentPostprocessing = 0;
			shellPath = /bin/sh;
			shellScript = "\"${SRCROOT}/Pods/Target Support Files/Pods-JKWayfairPriceGameTests/Pods-JKWayfairPriceGameTests-frameworks.sh\"\n";
			showEnvVarsInLog = 0;
		};
		6F0739BF0A6F3370C4B246C0 /* [CP] Copy Pods Resources */ = {
			isa = PBXShellScriptBuildPhase;
			buildActionMask = 2147483647;
			files = (
			);
			inputPaths = (
			);
			name = "[CP] Copy Pods Resources";
			outputPaths = (
			);
			runOnlyForDeploymentPostprocessing = 0;
			shellPath = /bin/sh;
			shellScript = "\"${SRCROOT}/Pods/Target Support Files/Pods-JKWayfairPriceGameTests/Pods-JKWayfairPriceGameTests-resources.sh\"\n";
			showEnvVarsInLog = 0;
		};
		8C84F97DB361E1991BB16B00 /* [CP] Copy Pods Resources */ = {
			isa = PBXShellScriptBuildPhase;
			buildActionMask = 2147483647;
			files = (
			);
			inputPaths = (
			);
			name = "[CP] Copy Pods Resources";
			outputPaths = (
			);
			runOnlyForDeploymentPostprocessing = 0;
			shellPath = /bin/sh;
			shellScript = "\"${SRCROOT}/Pods/Target Support Files/Pods-JKWayfairPriceGame/Pods-JKWayfairPriceGame-resources.sh\"\n";
			showEnvVarsInLog = 0;
		};
		BA192BD07AD61643BFE3A853 /* [CP] Embed Pods Frameworks */ = {
			isa = PBXShellScriptBuildPhase;
			buildActionMask = 2147483647;
			files = (
			);
			inputPaths = (
			);
			name = "[CP] Embed Pods Frameworks";
			outputPaths = (
			);
			runOnlyForDeploymentPostprocessing = 0;
			shellPath = /bin/sh;
			shellScript = "\"${SRCROOT}/Pods/Target Support Files/Pods-JKWayfairPriceGame/Pods-JKWayfairPriceGame-frameworks.sh\"\n";
			showEnvVarsInLog = 0;
		};
		D79BF59D169439692EA61D31 /* [CP] Check Pods Manifest.lock */ = {
			isa = PBXShellScriptBuildPhase;
			buildActionMask = 2147483647;
			files = (
			);
			inputPaths = (
			);
			name = "[CP] Check Pods Manifest.lock";
			outputPaths = (
			);
			runOnlyForDeploymentPostprocessing = 0;
			shellPath = /bin/sh;
			shellScript = "diff \"${PODS_ROOT}/../Podfile.lock\" \"${PODS_ROOT}/Manifest.lock\" > /dev/null\nif [ $? != 0 ] ; then\n    # print error to STDERR\n    echo \"error: The sandbox is not in sync with the Podfile.lock. Run 'pod install' or update your CocoaPods installation.\" >&2\n    exit 1\nfi\n";
			showEnvVarsInLog = 0;
		};
		E2D402DE2B4E38BAE44FBA1B /* [CP] Check Pods Manifest.lock */ = {
			isa = PBXShellScriptBuildPhase;
			buildActionMask = 2147483647;
			files = (
			);
			inputPaths = (
			);
			name = "[CP] Check Pods Manifest.lock";
			outputPaths = (
			);
			runOnlyForDeploymentPostprocessing = 0;
			shellPath = /bin/sh;
			shellScript = "diff \"${PODS_ROOT}/../Podfile.lock\" \"${PODS_ROOT}/Manifest.lock\" > /dev/null\nif [ $? != 0 ] ; then\n    # print error to STDERR\n    echo \"error: The sandbox is not in sync with the Podfile.lock. Run 'pod install' or update your CocoaPods installation.\" >&2\n    exit 1\nfi\n";
			showEnvVarsInLog = 0;
		};
/* End PBXShellScriptBuildPhase section */

/* Begin PBXSourcesBuildPhase section */
		381F11981D6400EA008C3A4E /* Sources */ = {
			isa = PBXSourcesBuildPhase;
			buildActionMask = 2147483647;
			files = (
				388B24EF1D66A6FB00638688 /* RACSignal+Extensions.swift in Sources */,
				38EC479F1D6BE6580004CAA2 /* Color.swift in Sources */,
				38592DD11D6940550051E62F /* GameAnswersStatisticsViewController.swift in Sources */,
				38EC47A31D6BFC2D0004CAA2 /* CustomButton.swift in Sources */,
				381F11D21D64170E008C3A4E /* ProductDatabaseStorer.swift in Sources */,
				38592DDD1D6A70720051E62F /* GameInstructionsViewModel.swift in Sources */,
				38592DCD1D6935C20051E62F /* QuizAnswer.swift in Sources */,
				381F11A81D6400EA008C3A4E /* JKWayfairPriceGame.xcdatamodeld in Sources */,
				381F11CC1D64053A008C3A4E /* GameHomePageViewModel.swift in Sources */,
				38592DB61D67F26C0051E62F /* GameViewModel.swift in Sources */,
				38592DBE1D68073B0051E62F /* QuizOption.swift in Sources */,
				38592DBC1D67FC080051E62F /* Collection.swift in Sources */,
				38592DDF1D6A710A0051E62F /* GameInstructionsViewController.swift in Sources */,
				381F11C81D64021C008C3A4E /* ProductApi.swift in Sources */,
				38592DC91D690B910051E62F /* FinalScoreIndicatorView.swift in Sources */,
				38592DCB1D690FA80051E62F /* FinalScoreIndicatorViewModel.swift in Sources */,
				388B24EB1D66A69F00638688 /* RACObserve.swift in Sources */,
				38EC47A11D6BE9710004CAA2 /* UIViewController.swift in Sources */,
				388B24F21D66BD6700638688 /* Random.swift in Sources */,
				38592DC01D6823510051E62F /* OptionsView.swift in Sources */,
				38592DCF1D693B630051E62F /* QuizCustomOptions.swift in Sources */,
				38592DB81D67F3A10051E62F /* GameViewController.swift in Sources */,
				38592DD81D6A5CEB0051E62F /* JSONReader.swift in Sources */,
				38592DC71D6896620051E62F /* ProductWebViewerViewModel.swift in Sources */,
				38592DC51D68964C0051E62F /* ProductWebViewController.swift in Sources */,
				38592DD41D69430B0051E62F /* GameAnswersStatisticsTableViewCell.swift in Sources */,
				381F11CA1D640524008C3A4E /* GameHomePageViewController.swift in Sources */,
				38592DB41D67D51E0051E62F /* GravityTransition.swift in Sources */,
				38EC479D1D6BE51E0004CAA2 /* Appearance.swift in Sources */,
				381F11A01D6400EA008C3A4E /* AppDelegate.swift in Sources */,
				38592DBA1D67F5620051E62F /* QuizQuestion.swift in Sources */,
				381F11D01D6407E3008C3A4E /* Product.swift in Sources */,
				38592DD61D6959B20051E62F /* ProductCategory.swift in Sources */,
			);
			runOnlyForDeploymentPostprocessing = 0;
		};
		381F11AF1D6400EA008C3A4E /* Sources */ = {
			isa = PBXSourcesBuildPhase;
			buildActionMask = 2147483647;
			files = (
				381F11B81D6400EA008C3A4E /* JKWayfairPriceGameTests.swift in Sources */,
			);
			runOnlyForDeploymentPostprocessing = 0;
		};
/* End PBXSourcesBuildPhase section */

/* Begin PBXTargetDependency section */
		381F11B51D6400EA008C3A4E /* PBXTargetDependency */ = {
			isa = PBXTargetDependency;
			target = 381F119B1D6400EA008C3A4E /* JKWayfairPriceGame */;
			targetProxy = 381F11B41D6400EA008C3A4E /* PBXContainerItemProxy */;
		};
/* End PBXTargetDependency section */

/* Begin PBXVariantGroup section */
		381F11AB1D6400EA008C3A4E /* LaunchScreen.storyboard */ = {
			isa = PBXVariantGroup;
			children = (
				381F11AC1D6400EA008C3A4E /* Base */,
			);
			name = LaunchScreen.storyboard;
			sourceTree = "<group>";
		};
/* End PBXVariantGroup section */

/* Begin XCBuildConfiguration section */
		381F11BA1D6400EA008C3A4E /* Debug */ = {
			isa = XCBuildConfiguration;
			buildSettings = {
				ALWAYS_SEARCH_USER_PATHS = NO;
				CLANG_ANALYZER_NONNULL = YES;
				CLANG_CXX_LANGUAGE_STANDARD = "gnu++0x";
				CLANG_CXX_LIBRARY = "libc++";
				CLANG_ENABLE_MODULES = YES;
				CLANG_ENABLE_OBJC_ARC = YES;
				CLANG_WARN_BOOL_CONVERSION = YES;
				CLANG_WARN_CONSTANT_CONVERSION = YES;
				CLANG_WARN_DIRECT_OBJC_ISA_USAGE = YES_ERROR;
				CLANG_WARN_EMPTY_BODY = YES;
				CLANG_WARN_ENUM_CONVERSION = YES;
				CLANG_WARN_INT_CONVERSION = YES;
				CLANG_WARN_OBJC_ROOT_CLASS = YES_ERROR;
				CLANG_WARN_UNREACHABLE_CODE = YES;
				CLANG_WARN__DUPLICATE_METHOD_MATCH = YES;
				"CODE_SIGN_IDENTITY[sdk=iphoneos*]" = "iPhone Developer";
				COPY_PHASE_STRIP = NO;
				DEBUG_INFORMATION_FORMAT = dwarf;
				ENABLE_STRICT_OBJC_MSGSEND = YES;
				ENABLE_TESTABILITY = YES;
				GCC_C_LANGUAGE_STANDARD = gnu99;
				GCC_DYNAMIC_NO_PIC = NO;
				GCC_NO_COMMON_BLOCKS = YES;
				GCC_OPTIMIZATION_LEVEL = 0;
				GCC_PREPROCESSOR_DEFINITIONS = (
					"DEBUG=1",
					"$(inherited)",
				);
				GCC_WARN_64_TO_32_BIT_CONVERSION = YES;
				GCC_WARN_ABOUT_RETURN_TYPE = YES_ERROR;
				GCC_WARN_UNDECLARED_SELECTOR = YES;
				GCC_WARN_UNINITIALIZED_AUTOS = YES_AGGRESSIVE;
				GCC_WARN_UNUSED_FUNCTION = YES;
				GCC_WARN_UNUSED_VARIABLE = YES;
				IPHONEOS_DEPLOYMENT_TARGET = 9.3;
				MTL_ENABLE_DEBUG_INFO = YES;
				ONLY_ACTIVE_ARCH = YES;
				SDKROOT = iphoneos;
				SWIFT_OPTIMIZATION_LEVEL = "-Onone";
				TARGETED_DEVICE_FAMILY = "1,2";
			};
			name = Debug;
		};
		381F11BB1D6400EA008C3A4E /* Release */ = {
			isa = XCBuildConfiguration;
			buildSettings = {
				ALWAYS_SEARCH_USER_PATHS = NO;
				CLANG_ANALYZER_NONNULL = YES;
				CLANG_CXX_LANGUAGE_STANDARD = "gnu++0x";
				CLANG_CXX_LIBRARY = "libc++";
				CLANG_ENABLE_MODULES = YES;
				CLANG_ENABLE_OBJC_ARC = YES;
				CLANG_WARN_BOOL_CONVERSION = YES;
				CLANG_WARN_CONSTANT_CONVERSION = YES;
				CLANG_WARN_DIRECT_OBJC_ISA_USAGE = YES_ERROR;
				CLANG_WARN_EMPTY_BODY = YES;
				CLANG_WARN_ENUM_CONVERSION = YES;
				CLANG_WARN_INT_CONVERSION = YES;
				CLANG_WARN_OBJC_ROOT_CLASS = YES_ERROR;
				CLANG_WARN_UNREACHABLE_CODE = YES;
				CLANG_WARN__DUPLICATE_METHOD_MATCH = YES;
				"CODE_SIGN_IDENTITY[sdk=iphoneos*]" = "iPhone Developer";
				COPY_PHASE_STRIP = NO;
				DEBUG_INFORMATION_FORMAT = "dwarf-with-dsym";
				ENABLE_NS_ASSERTIONS = NO;
				ENABLE_STRICT_OBJC_MSGSEND = YES;
				GCC_C_LANGUAGE_STANDARD = gnu99;
				GCC_NO_COMMON_BLOCKS = YES;
				GCC_WARN_64_TO_32_BIT_CONVERSION = YES;
				GCC_WARN_ABOUT_RETURN_TYPE = YES_ERROR;
				GCC_WARN_UNDECLARED_SELECTOR = YES;
				GCC_WARN_UNINITIALIZED_AUTOS = YES_AGGRESSIVE;
				GCC_WARN_UNUSED_FUNCTION = YES;
				GCC_WARN_UNUSED_VARIABLE = YES;
				IPHONEOS_DEPLOYMENT_TARGET = 9.3;
				MTL_ENABLE_DEBUG_INFO = NO;
				SDKROOT = iphoneos;
				TARGETED_DEVICE_FAMILY = "1,2";
				VALIDATE_PRODUCT = YES;
			};
			name = Release;
		};
		381F11BD1D6400EA008C3A4E /* Debug */ = {
			isa = XCBuildConfiguration;
			baseConfigurationReference = E50C25C307CF386B805FBA40 /* Pods-JKWayfairPriceGame.debug.xcconfig */;
			buildSettings = {
				ASSETCATALOG_COMPILER_APPICON_NAME = AppIcon;
				INFOPLIST_FILE = JKWayfairPriceGame/Info.plist;
				IPHONEOS_DEPLOYMENT_TARGET = 8.0;
				LD_RUNPATH_SEARCH_PATHS = "$(inherited) @executable_path/Frameworks";
				PRODUCT_BUNDLE_IDENTIFIER = com.jayeshKawli.JKWayfairPriceGame;
				PRODUCT_NAME = "$(TARGET_NAME)";
				SWIFT_VERSION = 2.3;
				TARGETED_DEVICE_FAMILY = "1,2";
			};
			name = Debug;
		};
		381F11BE1D6400EA008C3A4E /* Release */ = {
			isa = XCBuildConfiguration;
			baseConfigurationReference = BA8833314209F8EF0BC17881 /* Pods-JKWayfairPriceGame.release.xcconfig */;
			buildSettings = {
				ASSETCATALOG_COMPILER_APPICON_NAME = AppIcon;
				INFOPLIST_FILE = JKWayfairPriceGame/Info.plist;
				IPHONEOS_DEPLOYMENT_TARGET = 8.0;
				LD_RUNPATH_SEARCH_PATHS = "$(inherited) @executable_path/Frameworks";
				PRODUCT_BUNDLE_IDENTIFIER = com.jayeshKawli.JKWayfairPriceGame;
				PRODUCT_NAME = "$(TARGET_NAME)";
				SWIFT_VERSION = 2.3;
				TARGETED_DEVICE_FAMILY = "1,2";
			};
			name = Release;
		};
		381F11C01D6400EA008C3A4E /* Debug */ = {
			isa = XCBuildConfiguration;
			baseConfigurationReference = 381073BC154EBDAC44A8BB70 /* Pods-JKWayfairPriceGameTests.debug.xcconfig */;
			buildSettings = {
				BUNDLE_LOADER = "$(TEST_HOST)";
				INFOPLIST_FILE = JKWayfairPriceGameTests/Info.plist;
				LD_RUNPATH_SEARCH_PATHS = "$(inherited) @executable_path/Frameworks @loader_path/Frameworks";
				PRODUCT_BUNDLE_IDENTIFIER = com.jayeshKawli.JKWayfairPriceGameTests;
				PRODUCT_NAME = "$(TARGET_NAME)";
				SWIFT_VERSION = 2.3;
				TEST_HOST = "$(BUILT_PRODUCTS_DIR)/JKWayfairPriceGame.app/JKWayfairPriceGame";
			};
			name = Debug;
		};
		381F11C11D6400EA008C3A4E /* Release */ = {
			isa = XCBuildConfiguration;
			baseConfigurationReference = 83021E4BC310CD1FC95D40BF /* Pods-JKWayfairPriceGameTests.release.xcconfig */;
			buildSettings = {
				BUNDLE_LOADER = "$(TEST_HOST)";
				INFOPLIST_FILE = JKWayfairPriceGameTests/Info.plist;
				LD_RUNPATH_SEARCH_PATHS = "$(inherited) @executable_path/Frameworks @loader_path/Frameworks";
				PRODUCT_BUNDLE_IDENTIFIER = com.jayeshKawli.JKWayfairPriceGameTests;
				PRODUCT_NAME = "$(TARGET_NAME)";
				SWIFT_VERSION = 2.3;
				TEST_HOST = "$(BUILT_PRODUCTS_DIR)/JKWayfairPriceGame.app/JKWayfairPriceGame";
			};
			name = Release;
		};
/* End XCBuildConfiguration section */

/* Begin XCConfigurationList section */
		381F11971D6400EA008C3A4E /* Build configuration list for PBXProject "JKWayfairPriceGame" */ = {
			isa = XCConfigurationList;
			buildConfigurations = (
				381F11BA1D6400EA008C3A4E /* Debug */,
				381F11BB1D6400EA008C3A4E /* Release */,
			);
			defaultConfigurationIsVisible = 0;
			defaultConfigurationName = Release;
		};
		381F11BC1D6400EA008C3A4E /* Build configuration list for PBXNativeTarget "JKWayfairPriceGame" */ = {
			isa = XCConfigurationList;
			buildConfigurations = (
				381F11BD1D6400EA008C3A4E /* Debug */,
				381F11BE1D6400EA008C3A4E /* Release */,
			);
			defaultConfigurationIsVisible = 0;
			defaultConfigurationName = Release;
		};
		381F11BF1D6400EA008C3A4E /* Build configuration list for PBXNativeTarget "JKWayfairPriceGameTests" */ = {
			isa = XCConfigurationList;
			buildConfigurations = (
				381F11C01D6400EA008C3A4E /* Debug */,
				381F11C11D6400EA008C3A4E /* Release */,
			);
			defaultConfigurationIsVisible = 0;
			defaultConfigurationName = Release;
		};
/* End XCConfigurationList section */

/* Begin XCVersionGroup section */
		381F11A61D6400EA008C3A4E /* JKWayfairPriceGame.xcdatamodeld */ = {
			isa = XCVersionGroup;
			children = (
				381F11A71D6400EA008C3A4E /* JKWayfairPriceGame.xcdatamodel */,
			);
			currentVersion = 381F11A71D6400EA008C3A4E /* JKWayfairPriceGame.xcdatamodel */;
			path = JKWayfairPriceGame.xcdatamodeld;
			sourceTree = "<group>";
			versionGroupType = wrapper.xcdatamodel;
		};
/* End XCVersionGroup section */
	};
	rootObject = 381F11941D6400EA008C3A4E /* Project object */;
}
